
Microsoft Visual Studio Solution File, Format Version 12.00
# Visual Studio 15
VisualStudioVersion = 15.0.27703.2026
MinimumVisualStudioVersion = 10.0.40219.1
Project("{FAE04EC0-301F-11D3-BF4B-00C04F79EFBC}") = "mvc1", "mvc1\mvc1.csproj", "{F2B6D9C3-A2FB-4D5E-A01C-ED04ED1A2EBC}"
EndProject
Global
	GlobalSection(SolutionConfigurationPlatforms) = preSolution
		Debug|Any CPU = Debug|Any CPU
		Release|Any CPU = Release|Any CPU
	EndGlobalSection
	GlobalSection(ProjectConfigurationPlatforms) = postSolution
		{F2B6D9C3-A2FB-4D5E-A01C-ED04ED1A2EBC}.Debug|Any CPU.ActiveCfg = Debug|Any CPU
		{F2B6D9C3-A2FB-4D5E-A01C-ED04ED1A2EBC}.Debug|Any CPU.Build.0 = Debug|Any CPU
		{F2B6D9C3-A2FB-4D5E-A01C-ED04ED1A2EBC}.Release|Any CPU.ActiveCfg = Release|Any CPU
		{F2B6D9C3-A2FB-4D5E-A01C-ED04ED1A2EBC}.Release|Any CPU.Build.0 = Release|Any CPU
	EndGlobalSection
	GlobalSection(SolutionProperties) = preSolution
		HideSolutionNode = FALSE
	EndGlobalSection
	GlobalSection(ExtensibilityGlobals) = postSolution
		SolutionGuid = {40E7745E-B5F8-4FE3-96F3-6BB424D41B7F}
	EndGlobalSection
EndGlobal
